
Microsoft Visual Studio Solution File, Format Version 12.00
# Visual Studio Version 16
VisualStudioVersion = 16.0.30413.136
MinimumVisualStudioVersion = 10.0.40219.1
Project("{FAE04EC0-301F-11D3-BF4B-00C04F79EFBC}") = "Raise_1", "Raise_1\Raise_1.csproj", "{A85C8379-4989-4BEB-A965-D922DBC6BD93}"
EndProject
Global
	GlobalSection(SolutionConfigurationPlatforms) = preSolution
		Debug|Any CPU = Debug|Any CPU
		Release|Any CPU = Release|Any CPU
	EndGlobalSection
	GlobalSection(ProjectConfigurationPlatforms) = postSolution
		{A85C8379-4989-4BEB-A965-D922DBC6BD93}.Debug|Any CPU.ActiveCfg = Debug|Any CPU
		{A85C8379-4989-4BEB-A965-D922DBC6BD93}.Debug|Any CPU.Build.0 = Debug|Any CPU
		{A85C8379-4989-4BEB-A965-D922DBC6BD93}.Release|Any CPU.ActiveCfg = Release|Any CPU
		{A85C8379-4989-4BEB-A965-D922DBC6BD93}.Release|Any CPU.Build.0 = Release|Any CPU
	EndGlobalSection
	GlobalSection(SolutionProperties) = preSolution
		HideSolutionNode = FALSE
	EndGlobalSection
	GlobalSection(ExtensibilityGlobals) = postSolution
		SolutionGuid = {D7B05A06-C2E2-4C1E-B843-79D74C95F8B2}
	EndGlobalSection
EndGlobal
